
Microsoft Visual Studio Solution File, Format Version 12.00
Project("{FAE04EC0-301F-11D3-BF4B-00C04F79EFBC}") = "GraphAlgorithms.Graph", "GraphAlgorithms.Graph\GraphAlgorithms.Graph.csproj", "{03812AEF-DD09-4553-87BC-D2241BFBE954}"
EndProject
Project("{FAE04EC0-301F-11D3-BF4B-00C04F79EFBC}") = "GraphAlgorithms.Graph.Tests", "GraphAlgorithms.Graph.Tests\GraphAlgorithms.Graph.Tests.csproj", "{CE6B222B-D8E1-46FC-94F4-D48DADAB4AEF}"
EndProject
Project("{FAE04EC0-301F-11D3-BF4B-00C04F79EFBC}") = "Graphs.DijkstraAlgorithm.UI", "Graphs.DijkstraAlgorithm.UI\Graphs.DijkstraAlgorithm.UI.csproj", "{3728AC41-0680-4E53-A940-031661CDFE79}"
EndProject
Project("{FAE04EC0-301F-11D3-BF4B-00C04F79EFBC}") = "GraphAlgorithms.Graph.BreadthFirstSearch.UI", "GraphAlgorithms.Graph.BreadthFirstSearch.UI\GraphAlgorithms.Graph.BreadthFirstSearch.UI.csproj", "{782EA930-BBCE-41C5-BFC7-19260A914239}"
EndProject
Project("{FAE04EC0-301F-11D3-BF4B-00C04F79EFBC}") = "GraphAlgorithms.Graph.DepthFirstSearch.UI", "GraphAlgorithms.Graph.DepthFirstSearch.UI\GraphAlgorithms.Graph.DepthFirstSearch.UI.csproj", "{C65C5859-AE37-4C92-B60D-E08C35EE5F08}"
EndProject
Project("{FAE04EC0-301F-11D3-BF4B-00C04F79EFBC}") = "GraphAlgorithms.KahnAlgorithm.UI", "GraphAlgorithms.KahnAlgorithm.UI\GraphAlgorithms.KahnAlgorithm.UI.csproj", "{2B3C73DC-B07C-4CFD-9250-31F662208442}"
EndProject
Global
	GlobalSection(SolutionConfigurationPlatforms) = preSolution
		Debug|Any CPU = Debug|Any CPU
		Release|Any CPU = Release|Any CPU
	EndGlobalSection
	GlobalSection(ProjectConfigurationPlatforms) = postSolution
		{03812AEF-DD09-4553-87BC-D2241BFBE954}.Debug|Any CPU.ActiveCfg = Debug|Any CPU
		{03812AEF-DD09-4553-87BC-D2241BFBE954}.Debug|Any CPU.Build.0 = Debug|Any CPU
		{03812AEF-DD09-4553-87BC-D2241BFBE954}.Release|Any CPU.ActiveCfg = Release|Any CPU
		{03812AEF-DD09-4553-87BC-D2241BFBE954}.Release|Any CPU.Build.0 = Release|Any CPU
		{CE6B222B-D8E1-46FC-94F4-D48DADAB4AEF}.Debug|Any CPU.ActiveCfg = Debug|Any CPU
		{CE6B222B-D8E1-46FC-94F4-D48DADAB4AEF}.Debug|Any CPU.Build.0 = Debug|Any CPU
		{CE6B222B-D8E1-46FC-94F4-D48DADAB4AEF}.Release|Any CPU.ActiveCfg = Release|Any CPU
		{CE6B222B-D8E1-46FC-94F4-D48DADAB4AEF}.Release|Any CPU.Build.0 = Release|Any CPU
		{3728AC41-0680-4E53-A940-031661CDFE79}.Debug|Any CPU.ActiveCfg = Debug|Any CPU
		{3728AC41-0680-4E53-A940-031661CDFE79}.Debug|Any CPU.Build.0 = Debug|Any CPU
		{3728AC41-0680-4E53-A940-031661CDFE79}.Release|Any CPU.ActiveCfg = Release|Any CPU
		{3728AC41-0680-4E53-A940-031661CDFE79}.Release|Any CPU.Build.0 = Release|Any CPU
		{782EA930-BBCE-41C5-BFC7-19260A914239}.Debug|Any CPU.ActiveCfg = Debug|Any CPU
		{782EA930-BBCE-41C5-BFC7-19260A914239}.Debug|Any CPU.Build.0 = Debug|Any CPU
		{782EA930-BBCE-41C5-BFC7-19260A914239}.Release|Any CPU.ActiveCfg = Release|Any CPU
		{782EA930-BBCE-41C5-BFC7-19260A914239}.Release|Any CPU.Build.0 = Release|Any CPU
		{C65C5859-AE37-4C92-B60D-E08C35EE5F08}.Debug|Any CPU.ActiveCfg = Debug|Any CPU
		{C65C5859-AE37-4C92-B60D-E08C35EE5F08}.Debug|Any CPU.Build.0 = Debug|Any CPU
		{C65C5859-AE37-4C92-B60D-E08C35EE5F08}.Release|Any CPU.ActiveCfg = Release|Any CPU
		{C65C5859-AE37-4C92-B60D-E08C35EE5F08}.Release|Any CPU.Build.0 = Release|Any CPU
		{2B3C73DC-B07C-4CFD-9250-31F662208442}.Debug|Any CPU.ActiveCfg = Debug|Any CPU
		{2B3C73DC-B07C-4CFD-9250-31F662208442}.Debug|Any CPU.Build.0 = Debug|Any CPU
		{2B3C73DC-B07C-4CFD-9250-31F662208442}.Release|Any CPU.ActiveCfg = Release|Any CPU
		{2B3C73DC-B07C-4CFD-9250-31F662208442}.Release|Any CPU.Build.0 = Release|Any CPU
	EndGlobalSection
EndGlobal
