
Microsoft Visual Studio Solution File, Format Version 12.00
Project("{FAE04EC0-301F-11D3-BF4B-00C04F79EFBC}") = "GraphAlgorithms", "GraphAlgorithms\GraphAlgorithms.csproj", "{FB9156A9-701F-416C-8C1C-E9BF35C32B62}"
EndProject
Project("{FAE04EC0-301F-11D3-BF4B-00C04F79EFBC}") = "GraphAlgorithms.Graph", "GraphAlgorithms.Graph\GraphAlgorithms.Graph.csproj", "{03812AEF-DD09-4553-87BC-D2241BFBE954}"
EndProject
Project("{FAE04EC0-301F-11D3-BF4B-00C04F79EFBC}") = "GraphAlgorithms.GraphByAdjacencyMatrix", "GraphAlgorithms.GraphByAdjacencyMatrix\GraphAlgorithms.GraphByAdjacencyMatrix.csproj", "{B0D9256E-54E1-46A8-B14E-C4CDDF0A73F7}"
EndProject
Project("{FAE04EC0-301F-11D3-BF4B-00C04F79EFBC}") = "GraphAlgorithms.GraphByAdjacencyList", "GraphAlgorithms.GraphByAdjacencyList\GraphAlgorithms.GraphByAdjacencyList.csproj", "{45133570-72FE-4032-8BD2-24D7EC266DED}"
EndProject
Project("{FAE04EC0-301F-11D3-BF4B-00C04F79EFBC}") = "GraphAlgorithms.Graph.Tests", "GraphAlgorithms.Graph.Tests\GraphAlgorithms.Graph.Tests.csproj", "{CE6B222B-D8E1-46FC-94F4-D48DADAB4AEF}"
EndProject
Project("{FAE04EC0-301F-11D3-BF4B-00C04F79EFBC}") = "GraphAlgorithms.DijkstraAlgorithm", "GraphAlgorithms.DijkstraAlgorithm\GraphAlgorithms.DijkstraAlgorithm.csproj", "{DB2182D9-16F8-4229-8D6F-56CB8583DBEA}"
EndProject
Project("{FAE04EC0-301F-11D3-BF4B-00C04F79EFBC}") = "GraphAlgorithms.DijkstraAlgorithm.Tests", "GraphAlgorithms.DijkstraAlgorithm.Tests\GraphAlgorithms.DijkstraAlgorithm.Tests.csproj", "{EDBEA054-E547-4F36-AE7C-F7E5E877D6FA}"
EndProject
Global
	GlobalSection(SolutionConfigurationPlatforms) = preSolution
		Debug|Any CPU = Debug|Any CPU
		Release|Any CPU = Release|Any CPU
	EndGlobalSection
	GlobalSection(ProjectConfigurationPlatforms) = postSolution
		{FB9156A9-701F-416C-8C1C-E9BF35C32B62}.Debug|Any CPU.ActiveCfg = Debug|Any CPU
		{FB9156A9-701F-416C-8C1C-E9BF35C32B62}.Debug|Any CPU.Build.0 = Debug|Any CPU
		{FB9156A9-701F-416C-8C1C-E9BF35C32B62}.Release|Any CPU.ActiveCfg = Release|Any CPU
		{FB9156A9-701F-416C-8C1C-E9BF35C32B62}.Release|Any CPU.Build.0 = Release|Any CPU
		{03812AEF-DD09-4553-87BC-D2241BFBE954}.Debug|Any CPU.ActiveCfg = Debug|Any CPU
		{03812AEF-DD09-4553-87BC-D2241BFBE954}.Debug|Any CPU.Build.0 = Debug|Any CPU
		{03812AEF-DD09-4553-87BC-D2241BFBE954}.Release|Any CPU.ActiveCfg = Release|Any CPU
		{03812AEF-DD09-4553-87BC-D2241BFBE954}.Release|Any CPU.Build.0 = Release|Any CPU
		{B0D9256E-54E1-46A8-B14E-C4CDDF0A73F7}.Debug|Any CPU.ActiveCfg = Debug|Any CPU
		{B0D9256E-54E1-46A8-B14E-C4CDDF0A73F7}.Debug|Any CPU.Build.0 = Debug|Any CPU
		{B0D9256E-54E1-46A8-B14E-C4CDDF0A73F7}.Release|Any CPU.ActiveCfg = Release|Any CPU
		{B0D9256E-54E1-46A8-B14E-C4CDDF0A73F7}.Release|Any CPU.Build.0 = Release|Any CPU
		{45133570-72FE-4032-8BD2-24D7EC266DED}.Debug|Any CPU.ActiveCfg = Debug|Any CPU
		{45133570-72FE-4032-8BD2-24D7EC266DED}.Debug|Any CPU.Build.0 = Debug|Any CPU
		{45133570-72FE-4032-8BD2-24D7EC266DED}.Release|Any CPU.ActiveCfg = Release|Any CPU
		{45133570-72FE-4032-8BD2-24D7EC266DED}.Release|Any CPU.Build.0 = Release|Any CPU
		{CE6B222B-D8E1-46FC-94F4-D48DADAB4AEF}.Debug|Any CPU.ActiveCfg = Debug|Any CPU
		{CE6B222B-D8E1-46FC-94F4-D48DADAB4AEF}.Debug|Any CPU.Build.0 = Debug|Any CPU
		{CE6B222B-D8E1-46FC-94F4-D48DADAB4AEF}.Release|Any CPU.ActiveCfg = Release|Any CPU
		{CE6B222B-D8E1-46FC-94F4-D48DADAB4AEF}.Release|Any CPU.Build.0 = Release|Any CPU
		{DB2182D9-16F8-4229-8D6F-56CB8583DBEA}.Debug|Any CPU.ActiveCfg = Debug|Any CPU
		{DB2182D9-16F8-4229-8D6F-56CB8583DBEA}.Debug|Any CPU.Build.0 = Debug|Any CPU
		{DB2182D9-16F8-4229-8D6F-56CB8583DBEA}.Release|Any CPU.ActiveCfg = Release|Any CPU
		{DB2182D9-16F8-4229-8D6F-56CB8583DBEA}.Release|Any CPU.Build.0 = Release|Any CPU
		{EDBEA054-E547-4F36-AE7C-F7E5E877D6FA}.Debug|Any CPU.ActiveCfg = Debug|Any CPU
		{EDBEA054-E547-4F36-AE7C-F7E5E877D6FA}.Debug|Any CPU.Build.0 = Debug|Any CPU
		{EDBEA054-E547-4F36-AE7C-F7E5E877D6FA}.Release|Any CPU.ActiveCfg = Release|Any CPU
		{EDBEA054-E547-4F36-AE7C-F7E5E877D6FA}.Release|Any CPU.Build.0 = Release|Any CPU
	EndGlobalSection
EndGlobal
